
Microsoft Visual Studio Solution File, Format Version 12.00
# Visual Studio 14
VisualStudioVersion = 14.0.24720.0
MinimumVisualStudioVersion = 10.0.40219.1
Project("{FAE04EC0-301F-11D3-BF4B-00C04F79EFBC}") = "ReleaseBot", "ReleaseBot\ReleaseBot.csproj", "{134C810E-DDDC-4668-A993-73F98E6A9909}"
EndProject
Project("{FAE04EC0-301F-11D3-BF4B-00C04F79EFBC}") = "Backend", "Backend\Backend.csproj", "{E3E597AA-94F9-49E5-8E8A-9C97D196A951}"
EndProject
Project("{FAE04EC0-301F-11D3-BF4B-00C04F79EFBC}") = "Persistence", "Persistence\Persistence.csproj", "{850A2983-7B67-427A-B8E8-A66F343DCF54}"
EndProject
Project("{FAE04EC0-301F-11D3-BF4B-00C04F79EFBC}") = "DbToucher", "DbToucher\DbToucher.csproj", "{7BD03BD2-A2D9-4148-AFFB-BFF1941818EA}"
EndProject
Project("{FAE04EC0-301F-11D3-BF4B-00C04F79EFBC}") = "Services", "Services\Services.csproj", "{7C3F67ED-CC0A-4D97-98CF-1C316FA0CBF2}"
EndProject
Global
	GlobalSection(SolutionConfigurationPlatforms) = preSolution
		Debug|Any CPU = Debug|Any CPU
		Release|Any CPU = Release|Any CPU
	EndGlobalSection
	GlobalSection(ProjectConfigurationPlatforms) = postSolution
		{134C810E-DDDC-4668-A993-73F98E6A9909}.Debug|Any CPU.ActiveCfg = Debug|Any CPU
		{134C810E-DDDC-4668-A993-73F98E6A9909}.Debug|Any CPU.Build.0 = Debug|Any CPU
		{134C810E-DDDC-4668-A993-73F98E6A9909}.Release|Any CPU.ActiveCfg = Release|Any CPU
		{134C810E-DDDC-4668-A993-73F98E6A9909}.Release|Any CPU.Build.0 = Release|Any CPU
		{E3E597AA-94F9-49E5-8E8A-9C97D196A951}.Debug|Any CPU.ActiveCfg = Debug|Any CPU
		{E3E597AA-94F9-49E5-8E8A-9C97D196A951}.Debug|Any CPU.Build.0 = Debug|Any CPU
		{E3E597AA-94F9-49E5-8E8A-9C97D196A951}.Release|Any CPU.ActiveCfg = Release|Any CPU
		{E3E597AA-94F9-49E5-8E8A-9C97D196A951}.Release|Any CPU.Build.0 = Release|Any CPU
		{850A2983-7B67-427A-B8E8-A66F343DCF54}.Debug|Any CPU.ActiveCfg = Debug|Any CPU
		{850A2983-7B67-427A-B8E8-A66F343DCF54}.Debug|Any CPU.Build.0 = Debug|Any CPU
		{850A2983-7B67-427A-B8E8-A66F343DCF54}.Release|Any CPU.ActiveCfg = Release|Any CPU
		{850A2983-7B67-427A-B8E8-A66F343DCF54}.Release|Any CPU.Build.0 = Release|Any CPU
		{7BD03BD2-A2D9-4148-AFFB-BFF1941818EA}.Debug|Any CPU.ActiveCfg = Debug|Any CPU
		{7BD03BD2-A2D9-4148-AFFB-BFF1941818EA}.Debug|Any CPU.Build.0 = Debug|Any CPU
		{7BD03BD2-A2D9-4148-AFFB-BFF1941818EA}.Release|Any CPU.ActiveCfg = Release|Any CPU
		{7BD03BD2-A2D9-4148-AFFB-BFF1941818EA}.Release|Any CPU.Build.0 = Release|Any CPU
		{7C3F67ED-CC0A-4D97-98CF-1C316FA0CBF2}.Debug|Any CPU.ActiveCfg = Debug|Any CPU
		{7C3F67ED-CC0A-4D97-98CF-1C316FA0CBF2}.Debug|Any CPU.Build.0 = Debug|Any CPU
		{7C3F67ED-CC0A-4D97-98CF-1C316FA0CBF2}.Release|Any CPU.ActiveCfg = Release|Any CPU
		{7C3F67ED-CC0A-4D97-98CF-1C316FA0CBF2}.Release|Any CPU.Build.0 = Release|Any CPU
	EndGlobalSection
	GlobalSection(SolutionProperties) = preSolution
		HideSolutionNode = FALSE
	EndGlobalSection
EndGlobal
